
Microsoft Visual Studio Solution File, Format Version 12.00
# Visual Studio Version 17
VisualStudioVersion = 17.6.33723.286
MinimumVisualStudioVersion = 10.0.40219.1
Project("{FAE04EC0-301F-11D3-BF4B-00C04F79EFBC}") = "BusinessApi", "BusinessApi\BusinessApi.csproj", "{08A5E7B0-93C0-427B-AC05-A1DA25535E6A}"
EndProject
Global
	GlobalSection(SolutionConfigurationPlatforms) = preSolution
		Debug|Any CPU = Debug|Any CPU
		Release|Any CPU = Release|Any CPU
	EndGlobalSection
	GlobalSection(ProjectConfigurationPlatforms) = postSolution
		{08A5E7B0-93C0-427B-AC05-A1DA25535E6A}.Debug|Any CPU.ActiveCfg = Debug|Any CPU
		{08A5E7B0-93C0-427B-AC05-A1DA25535E6A}.Debug|Any CPU.Build.0 = Debug|Any CPU
		{08A5E7B0-93C0-427B-AC05-A1DA25535E6A}.Release|Any CPU.ActiveCfg = Release|Any CPU
		{08A5E7B0-93C0-427B-AC05-A1DA25535E6A}.Release|Any CPU.Build.0 = Release|Any CPU
	EndGlobalSection
	GlobalSection(SolutionProperties) = preSolution
		HideSolutionNode = FALSE
	EndGlobalSection
	GlobalSection(ExtensibilityGlobals) = postSolution
		SolutionGuid = {58FAE2AB-19AA-42DC-920C-BDAD787CF824}
	EndGlobalSection
EndGlobal
